
Microsoft Visual Studio Solution File, Format Version 12.00
# Visual Studio Version 16
VisualStudioVersion = 16.0.31515.178
MinimumVisualStudioVersion = 10.0.40219.1
Project("{FAE04EC0-301F-11D3-BF4B-00C04F79EFBC}") = "AcademyI.Week6.Amazon.CORE", "AcemyI.Week6.Amazon.CORE\AcademyI.Week6.Amazon.CORE.csproj", "{B081E230-EB61-4470-A789-6BC042AC85C3}"
EndProject
Project("{FAE04EC0-301F-11D3-BF4B-00C04F79EFBC}") = "AcademyI.Week6.Amazon.EF", "AcademyI.Week6.Amazon.EF\AcademyI.Week6.Amazon.EF.csproj", "{F52493AC-6E14-4D7C-8CE1-48F5596BECA5}"
EndProject
Project("{FAE04EC0-301F-11D3-BF4B-00C04F79EFBC}") = "AcademyI.Week6.Amazon.MVC", "AcademyI.Week6.Amazon.MVC\AcademyI.Week6.Amazon.MVC.csproj", "{8EB5F2BD-F6DB-40B8-9451-24423C895C11}"
EndProject
Global
	GlobalSection(SolutionConfigurationPlatforms) = preSolution
		Debug|Any CPU = Debug|Any CPU
		Release|Any CPU = Release|Any CPU
	EndGlobalSection
	GlobalSection(ProjectConfigurationPlatforms) = postSolution
		{B081E230-EB61-4470-A789-6BC042AC85C3}.Debug|Any CPU.ActiveCfg = Debug|Any CPU
		{B081E230-EB61-4470-A789-6BC042AC85C3}.Debug|Any CPU.Build.0 = Debug|Any CPU
		{B081E230-EB61-4470-A789-6BC042AC85C3}.Release|Any CPU.ActiveCfg = Release|Any CPU
		{B081E230-EB61-4470-A789-6BC042AC85C3}.Release|Any CPU.Build.0 = Release|Any CPU
		{F52493AC-6E14-4D7C-8CE1-48F5596BECA5}.Debug|Any CPU.ActiveCfg = Debug|Any CPU
		{F52493AC-6E14-4D7C-8CE1-48F5596BECA5}.Debug|Any CPU.Build.0 = Debug|Any CPU
		{F52493AC-6E14-4D7C-8CE1-48F5596BECA5}.Release|Any CPU.ActiveCfg = Release|Any CPU
		{F52493AC-6E14-4D7C-8CE1-48F5596BECA5}.Release|Any CPU.Build.0 = Release|Any CPU
		{8EB5F2BD-F6DB-40B8-9451-24423C895C11}.Debug|Any CPU.ActiveCfg = Debug|Any CPU
		{8EB5F2BD-F6DB-40B8-9451-24423C895C11}.Debug|Any CPU.Build.0 = Debug|Any CPU
		{8EB5F2BD-F6DB-40B8-9451-24423C895C11}.Release|Any CPU.ActiveCfg = Release|Any CPU
		{8EB5F2BD-F6DB-40B8-9451-24423C895C11}.Release|Any CPU.Build.0 = Release|Any CPU
	EndGlobalSection
	GlobalSection(SolutionProperties) = preSolution
		HideSolutionNode = FALSE
	EndGlobalSection
	GlobalSection(ExtensibilityGlobals) = postSolution
		SolutionGuid = {03D2551A-A142-4F7C-94B3-F5CA51DB7FE8}
	EndGlobalSection
EndGlobal
